// !$*UTF8*$!
{
	archiveVersion = 1;
	classes = {
	};
	objectVersion = 56;
	objects = {

/* Begin PBXBuildFile section */
		5205F7812A5C42DB005B0F93 /* Assets.xcassets in Resources */ = {isa = PBXBuildFile; fileRef = 5205F77C2A5C42DB005B0F93 /* Assets.xcassets */; };
		5205F7822A5C42DB005B0F93 /* Preview Assets.xcassets in Resources */ = {isa = PBXBuildFile; fileRef = 5205F77E2A5C42DB005B0F93 /* Preview Assets.xcassets */; };
		5205F7832A5C42DB005B0F93 /* ContentView.swift in Sources */ = {isa = PBXBuildFile; fileRef = 5205F77F2A5C42DB005B0F93 /* ContentView.swift */; };
		5205F7842A5C42DB005B0F93 /* MultimediaApp.swift in Sources */ = {isa = PBXBuildFile; fileRef = 5205F7802A5C42DB005B0F93 /* MultimediaApp.swift */; };
		5205F7882A5C4341005B0F93 /* PlayVideoView.swift in Sources */ = {isa = PBXBuildFile; fileRef = 5205F7872A5C4341005B0F93 /* PlayVideoView.swift */; };
		5205F78A2A5C4352005B0F93 /* PlayAudioView.swift in Sources */ = {isa = PBXBuildFile; fileRef = 5205F7892A5C4352005B0F93 /* PlayAudioView.swift */; };
		5205F78E2A5C4DC5005B0F93 /* okay.mp3 in Resources */ = {isa = PBXBuildFile; fileRef = 5205F78D2A5C4DC4005B0F93 /* okay.mp3 */; };
/* End PBXBuildFile section */

/* Begin PBXFileReference section */
		5205F77C2A5C42DB005B0F93 /* Assets.xcassets */ = {isa = PBXFileReference; lastKnownFileType = folder.assetcatalog; path = Assets.xcassets; sourceTree = "<group>"; };
		5205F77E2A5C42DB005B0F93 /* Preview Assets.xcassets */ = {isa = PBXFileReference; lastKnownFileType = folder.assetcatalog; path = "Preview Assets.xcassets"; sourceTree = "<group>"; };
		5205F77F2A5C42DB005B0F93 /* ContentView.swift */ = {isa = PBXFileReference; fileEncoding = 4; lastKnownFileType = sourcecode.swift; path = ContentView.swift; sourceTree = "<group>"; };
		5205F7802A5C42DB005B0F93 /* MultimediaApp.swift */ = {isa = PBXFileReference; fileEncoding = 4; lastKnownFileType = sourcecode.swift; path = MultimediaApp.swift; sourceTree = "<group>"; };
		5205F7872A5C4341005B0F93 /* PlayVideoView.swift */ = {isa = PBXFileReference; lastKnownFileType = sourcecode.swift; path = PlayVideoView.swift; sourceTree = "<group>"; };
		5205F7892A5C4352005B0F93 /* PlayAudioView.swift */ = {isa = PBXFileReference; lastKnownFileType = sourcecode.swift; path = PlayAudioView.swift; sourceTree = "<group>"; };
		5205F78D2A5C4DC4005B0F93 /* okay.mp3 */ = {isa = PBXFileReference; lastKnownFileType = audio.mp3; path = okay.mp3; sourceTree = "<group>"; };
		52D4822E2A5C423B00667047 /* chapter-05-gui-multimedia.app */ = {isa = PBXFileReference; explicitFileType = wrapper.application; includeInIndex = 0; path = "chapter-05-gui-multimedia.app"; sourceTree = BUILT_PRODUCTS_DIR; };
/* End PBXFileReference section */

/* Begin PBXFrameworksBuildPhase section */
		52D4822B2A5C423B00667047 /* Frameworks */ = {
			isa = PBXFrameworksBuildPhase;
			buildActionMask = 2147483647;
			files = (
			);
			runOnlyForDeploymentPostprocessing = 0;
		};
/* End PBXFrameworksBuildPhase section */

/* Begin PBXGroup section */
		5205F77B2A5C42DB005B0F93 /* Multimedia */ = {
			isa = PBXGroup;
			children = (
				5205F7862A5C431A005B0F93 /* video */,
				5205F7852A5C4313005B0F93 /* audio */,
				5205F77C2A5C42DB005B0F93 /* Assets.xcassets */,
				5205F78D2A5C4DC4005B0F93 /* okay.mp3 */,
				5205F77D2A5C42DB005B0F93 /* Preview Content */,
				5205F77F2A5C42DB005B0F93 /* ContentView.swift */,
				5205F7802A5C42DB005B0F93 /* MultimediaApp.swift */,
			);
			path = Multimedia;
			sourceTree = "<group>";
		};
		5205F77D2A5C42DB005B0F93 /* Preview Content */ = {
			isa = PBXGroup;
			children = (
				5205F77E2A5C42DB005B0F93 /* Preview Assets.xcassets */,
			);
			path = "Preview Content";
			sourceTree = "<group>";
		};
		5205F7852A5C4313005B0F93 /* audio */ = {
			isa = PBXGroup;
			children = (
				5205F7892A5C4352005B0F93 /* PlayAudioView.swift */,
			);
			path = audio;
			sourceTree = "<group>";
		};
		5205F7862A5C431A005B0F93 /* video */ = {
			isa = PBXGroup;
			children = (
				5205F7872A5C4341005B0F93 /* PlayVideoView.swift */,
			);
			path = video;
			sourceTree = "<group>";
		};
		52D482252A5C423B00667047 = {
			isa = PBXGroup;
			children = (
				5205F77B2A5C42DB005B0F93 /* Multimedia */,
				52D4822F2A5C423B00667047 /* Products */,
			);
			sourceTree = "<group>";
		};
		52D4822F2A5C423B00667047 /* Products */ = {
			isa = PBXGroup;
			children = (
				52D4822E2A5C423B00667047 /* chapter-05-gui-multimedia.app */,
			);
			name = Products;
			sourceTree = "<group>";
		};
/* End PBXGroup section */

/* Begin PBXNativeTarget section */
		52D4822D2A5C423B00667047 /* chapter-05-gui-multimedia */ = {
			isa = PBXNativeTarget;
			buildConfigurationList = 52D4823C2A5C423F00667047 /* Build configuration list for PBXNativeTarget "chapter-05-gui-multimedia" */;
			buildPhases = (
				52D4822A2A5C423B00667047 /* Sources */,
				52D4822B2A5C423B00667047 /* Frameworks */,
				52D4822C2A5C423B00667047 /* Resources */,
			);
			buildRules = (
			);
			dependencies = (
			);
			name = "chapter-05-gui-multimedia";
			productName = "chapter-05-gui-multimedia";
			productReference = 52D4822E2A5C423B00667047 /* chapter-05-gui-multimedia.app */;
			productType = "com.apple.product-type.application";
		};
/* End PBXNativeTarget section */

/* Begin PBXProject section */
		52D482262A5C423B00667047 /* Project object */ = {
			isa = PBXProject;
			attributes = {
				BuildIndependentTargetsInParallel = 1;
				LastSwiftUpdateCheck = 1430;
				LastUpgradeCheck = 1430;
				TargetAttributes = {
					52D4822D2A5C423B00667047 = {
						CreatedOnToolsVersion = 14.3.1;
					};
				};
			};
			buildConfigurationList = 52D482292A5C423B00667047 /* Build configuration list for PBXProject "Multimedia" */;
			compatibilityVersion = "Xcode 14.0";
			developmentRegion = en;
			hasScannedForEncodings = 0;
			knownRegions = (
				en,
				Base,
			);
			mainGroup = 52D482252A5C423B00667047;
			productRefGroup = 52D4822F2A5C423B00667047 /* Products */;
			projectDirPath = "";
			projectRoot = "";
			targets = (
				52D4822D2A5C423B00667047 /* chapter-05-gui-multimedia */,
			);
		};
/* End PBXProject section */

/* Begin PBXResourcesBuildPhase section */
		52D4822C2A5C423B00667047 /* Resources */ = {
			isa = PBXResourcesBuildPhase;
			buildActionMask = 2147483647;
			files = (
				5205F7822A5C42DB005B0F93 /* Preview Assets.xcassets in Resources */,
				5205F7812A5C42DB005B0F93 /* Assets.xcassets in Resources */,
				5205F78E2A5C4DC5005B0F93 /* okay.mp3 in Resources */,
			);
			runOnlyForDeploymentPostprocessing = 0;
		};
/* End PBXResourcesBuildPhase section */

/* Begin PBXSourcesBuildPhase section */
		52D4822A2A5C423B00667047 /* Sources */ = {
			isa = PBXSourcesBuildPhase;
			buildActionMask = 2147483647;
			files = (
				5205F7832A5C42DB005B0F93 /* ContentView.swift in Sources */,
				5205F78A2A5C4352005B0F93 /* PlayAudioView.swift in Sources */,
				5205F7842A5C42DB005B0F93 /* MultimediaApp.swift in Sources */,
				5205F7882A5C4341005B0F93 /* PlayVideoView.swift in Sources */,
			);
			runOnlyForDeploymentPostprocessing = 0;
		};
/* End PBXSourcesBuildPhase section */

/* Begin XCBuildConfiguration section */
		52D4823A2A5C423F00667047 /* Debug */ = {
			isa = XCBuildConfiguration;
			buildSettings = {
				ALWAYS_SEARCH_USER_PATHS = NO;
				CLANG_ANALYZER_NONNULL = YES;
				CLANG_ANALYZER_NUMBER_OBJECT_CONVERSION = YES_AGGRESSIVE;
				CLANG_CXX_LANGUAGE_STANDARD = "gnu++20";
				CLANG_ENABLE_MODULES = YES;
				CLANG_ENABLE_OBJC_ARC = YES;
				CLANG_ENABLE_OBJC_WEAK = YES;
				CLANG_WARN_BLOCK_CAPTURE_AUTORELEASING = YES;
				CLANG_WARN_BOOL_CONVERSION = YES;
				CLANG_WARN_COMMA = YES;
				CLANG_WARN_CONSTANT_CONVERSION = YES;
				CLANG_WARN_DEPRECATED_OBJC_IMPLEMENTATIONS = YES;
				CLANG_WARN_DIRECT_OBJC_ISA_USAGE = YES_ERROR;
				CLANG_WARN_DOCUMENTATION_COMMENTS = YES;
				CLANG_WARN_EMPTY_BODY = YES;
				CLANG_WARN_ENUM_CONVERSION = YES;
				CLANG_WARN_INFINITE_RECURSION = YES;
				CLANG_WARN_INT_CONVERSION = YES;
				CLANG_WARN_NON_LITERAL_NULL_CONVERSION = YES;
				CLANG_WARN_OBJC_IMPLICIT_RETAIN_SELF = YES;
				CLANG_WARN_OBJC_LITERAL_CONVERSION = YES;
				CLANG_WARN_OBJC_ROOT_CLASS = YES_ERROR;
				CLANG_WARN_QUOTED_INCLUDE_IN_FRAMEWORK_HEADER = YES;
				CLANG_WARN_RANGE_LOOP_ANALYSIS = YES;
				CLANG_WARN_STRICT_PROTOTYPES = YES;
				CLANG_WARN_SUSPICIOUS_MOVE = YES;
				CLANG_WARN_UNGUARDED_AVAILABILITY = YES_AGGRESSIVE;
				CLANG_WARN_UNREACHABLE_CODE = YES;
				CLANG_WARN__DUPLICATE_METHOD_MATCH = YES;
				COPY_PHASE_STRIP = NO;
				DEBUG_INFORMATION_FORMAT = dwarf;
				ENABLE_STRICT_OBJC_MSGSEND = YES;
				ENABLE_TESTABILITY = YES;
				GCC_C_LANGUAGE_STANDARD = gnu11;
				GCC_DYNAMIC_NO_PIC = NO;
				GCC_NO_COMMON_BLOCKS = YES;
				GCC_OPTIMIZATION_LEVEL = 0;
				GCC_PREPROCESSOR_DEFINITIONS = (
					"DEBUG=1",
					"$(inherited)",
				);
				GCC_WARN_64_TO_32_BIT_CONVERSION = YES;
				GCC_WARN_ABOUT_RETURN_TYPE = YES_ERROR;
				GCC_WARN_UNDECLARED_SELECTOR = YES;
				GCC_WARN_UNINITIALIZED_AUTOS = YES_AGGRESSIVE;
				GCC_WARN_UNUSED_FUNCTION = YES;
				GCC_WARN_UNUSED_VARIABLE = YES;
				IPHONEOS_DEPLOYMENT_TARGET = 16.4;
				MTL_ENABLE_DEBUG_INFO = INCLUDE_SOURCE;
				MTL_FAST_MATH = YES;
				ONLY_ACTIVE_ARCH = YES;
				SDKROOT = iphoneos;
				SWIFT_ACTIVE_COMPILATION_CONDITIONS = DEBUG;
				SWIFT_OPTIMIZATION_LEVEL = "-Onone";
			};
			name = Debug;
		};
		52D4823B2A5C423F00667047 /* Release */ = {
			isa = XCBuildConfiguration;
			buildSettings = {
				ALWAYS_SEARCH_USER_PATHS = NO;
				CLANG_ANALYZER_NONNULL = YES;
				CLANG_ANALYZER_NUMBER_OBJECT_CONVERSION = YES_AGGRESSIVE;
				CLANG_CXX_LANGUAGE_STANDARD = "gnu++20";
				CLANG_ENABLE_MODULES = YES;
				CLANG_ENABLE_OBJC_ARC = YES;
				CLANG_ENABLE_OBJC_WEAK = YES;
				CLANG_WARN_BLOCK_CAPTURE_AUTORELEASING = YES;
				CLANG_WARN_BOOL_CONVERSION = YES;
				CLANG_WARN_COMMA = YES;
				CLANG_WARN_CONSTANT_CONVERSION = YES;
				CLANG_WARN_DEPRECATED_OBJC_IMPLEMENTATIONS = YES;
				CLANG_WARN_DIRECT_OBJC_ISA_USAGE = YES_ERROR;
				CLANG_WARN_DOCUMENTATION_COMMENTS = YES;
				CLANG_WARN_EMPTY_BODY = YES;
				CLANG_WARN_ENUM_CONVERSION = YES;
				CLANG_WARN_INFINITE_RECURSION = YES;
				CLANG_WARN_INT_CONVERSION = YES;
				CLANG_WARN_NON_LITERAL_NULL_CONVERSION = YES;
				CLANG_WARN_OBJC_IMPLICIT_RETAIN_SELF = YES;
				CLANG_WARN_OBJC_LITERAL_CONVERSION = YES;
				CLANG_WARN_OBJC_ROOT_CLASS = YES_ERROR;
				CLANG_WARN_QUOTED_INCLUDE_IN_FRAMEWORK_HEADER = YES;
				CLANG_WARN_RANGE_LOOP_ANALYSIS = YES;
				CLANG_WARN_STRICT_PROTOTYPES = YES;
				CLANG_WARN_SUSPICIOUS_MOVE = YES;
				CLANG_WARN_UNGUARDED_AVAILABILITY = YES_AGGRESSIVE;
				CLANG_WARN_UNREACHABLE_CODE = YES;
				CLANG_WARN__DUPLICATE_METHOD_MATCH = YES;
				COPY_PHASE_STRIP = NO;
				DEBUG_INFORMATION_FORMAT = "dwarf-with-dsym";
				ENABLE_NS_ASSERTIONS = NO;
				ENABLE_STRICT_OBJC_MSGSEND = YES;
				GCC_C_LANGUAGE_STANDARD = gnu11;
				GCC_NO_COMMON_BLOCKS = YES;
				GCC_WARN_64_TO_32_BIT_CONVERSION = YES;
				GCC_WARN_ABOUT_RETURN_TYPE = YES_ERROR;
				GCC_WARN_UNDECLARED_SELECTOR = YES;
				GCC_WARN_UNINITIALIZED_AUTOS = YES_AGGRESSIVE;
				GCC_WARN_UNUSED_FUNCTION = YES;
				GCC_WARN_UNUSED_VARIABLE = YES;
				IPHONEOS_DEPLOYMENT_TARGET = 16.4;
				MTL_ENABLE_DEBUG_INFO = NO;
				MTL_FAST_MATH = YES;
				SDKROOT = iphoneos;
				SWIFT_COMPILATION_MODE = wholemodule;
				SWIFT_OPTIMIZATION_LEVEL = "-O";
				VALIDATE_PRODUCT = YES;
			};
			name = Release;
		};
		52D4823D2A5C423F00667047 /* Debug */ = {
			isa = XCBuildConfiguration;
			buildSettings = {
				ASSETCATALOG_COMPILER_APPICON_NAME = AppIcon;
				ASSETCATALOG_COMPILER_GLOBAL_ACCENT_COLOR_NAME = AccentColor;
				CODE_SIGN_STYLE = Automatic;
				CURRENT_PROJECT_VERSION = 1;
				DEVELOPMENT_ASSET_PATHS = "\"Multimedia/Preview Content\"";
				DEVELOPMENT_TEAM = N4U7DRKE88;
				ENABLE_PREVIEWS = YES;
				GENERATE_INFOPLIST_FILE = YES;
				INFOPLIST_KEY_CFBundleDisplayName = Audio/Video;
				INFOPLIST_KEY_UIApplicationSceneManifest_Generation = YES;
				INFOPLIST_KEY_UIApplicationSupportsIndirectInputEvents = YES;
				INFOPLIST_KEY_UILaunchScreen_Generation = YES;
				INFOPLIST_KEY_UISupportedInterfaceOrientations_iPad = "UIInterfaceOrientationPortrait UIInterfaceOrientationPortraitUpsideDown UIInterfaceOrientationLandscapeLeft UIInterfaceOrientationLandscapeRight";
				INFOPLIST_KEY_UISupportedInterfaceOrientations_iPhone = "UIInterfaceOrientationPortrait UIInterfaceOrientationLandscapeLeft UIInterfaceOrientationLandscapeRight";
				LD_RUNPATH_SEARCH_PATHS = (
					"$(inherited)",
					"@executable_path/Frameworks",
				);
				MARKETING_VERSION = 1.0;
				PRODUCT_BUNDLE_IDENTIFIER = "at.fhj.chapter-05-gui-multimedia";
				PRODUCT_NAME = "$(TARGET_NAME)";
				SWIFT_EMIT_LOC_STRINGS = YES;
				SWIFT_VERSION = 5.0;
				TARGETED_DEVICE_FAMILY = 1;
			};
			name = Debug;
		};
		52D4823E2A5C423F00667047 /* Release */ = {
			isa = XCBuildConfiguration;
			buildSettings = {
				ASSETCATALOG_COMPILER_APPICON_NAME = AppIcon;
				ASSETCATALOG_COMPILER_GLOBAL_ACCENT_COLOR_NAME = AccentColor;
				CODE_SIGN_STYLE = Automatic;
				CURRENT_PROJECT_VERSION = 1;
				DEVELOPMENT_ASSET_PATHS = "\"Multimedia/Preview Content\"";
				DEVELOPMENT_TEAM = N4U7DRKE88;
				ENABLE_PREVIEWS = YES;
				GENERATE_INFOPLIST_FILE = YES;
				INFOPLIST_KEY_CFBundleDisplayName = Audio/Video;
				INFOPLIST_KEY_UIApplicationSceneManifest_Generation = YES;
				INFOPLIST_KEY_UIApplicationSupportsIndirectInputEvents = YES;
				INFOPLIST_KEY_UILaunchScreen_Generation = YES;
				INFOPLIST_KEY_UISupportedInterfaceOrientations_iPad = "UIInterfaceOrientationPortrait UIInterfaceOrientationPortraitUpsideDown UIInterfaceOrientationLandscapeLeft UIInterfaceOrientationLandscapeRight";
				INFOPLIST_KEY_UISupportedInterfaceOrientations_iPhone = "UIInterfaceOrientationPortrait UIInterfaceOrientationLandscapeLeft UIInterfaceOrientationLandscapeRight";
				LD_RUNPATH_SEARCH_PATHS = (
					"$(inherited)",
					"@executable_path/Frameworks",
				);
				MARKETING_VERSION = 1.0;
				PRODUCT_BUNDLE_IDENTIFIER = "at.fhj.chapter-05-gui-multimedia";
				PRODUCT_NAME = "$(TARGET_NAME)";
				SWIFT_EMIT_LOC_STRINGS = YES;
				SWIFT_VERSION = 5.0;
				TARGETED_DEVICE_FAMILY = 1;
			};
			name = Release;
		};
/* End XCBuildConfiguration section */

/* Begin XCConfigurationList section */
		52D482292A5C423B00667047 /* Build configuration list for PBXProject "Multimedia" */ = {
			isa = XCConfigurationList;
			buildConfigurations = (
				52D4823A2A5C423F00667047 /* Debug */,
				52D4823B2A5C423F00667047 /* Release */,
			);
			defaultConfigurationIsVisible = 0;
			defaultConfigurationName = Release;
		};
		52D4823C2A5C423F00667047 /* Build configuration list for PBXNativeTarget "chapter-05-gui-multimedia" */ = {
			isa = XCConfigurationList;
			buildConfigurations = (
				52D4823D2A5C423F00667047 /* Debug */,
				52D4823E2A5C423F00667047 /* Release */,
			);
			defaultConfigurationIsVisible = 0;
			defaultConfigurationName = Release;
		};
/* End XCConfigurationList section */
	};
	rootObject = 52D482262A5C423B00667047 /* Project object */;
}
