// !$*UTF8*$!
{
	archiveVersion = 1;
	classes = {
	};
	objectVersion = 56;
	objects = {

/* Begin PBXBuildFile section */
		521A753C2953644800F3C4D8 /* SensorApp.swift in Sources */ = {isa = PBXBuildFile; fileRef = 521A753B2953644800F3C4D8 /* SensorApp.swift */; };
		521A753E2953644800F3C4D8 /* ContentView.swift in Sources */ = {isa = PBXBuildFile; fileRef = 521A753D2953644800F3C4D8 /* ContentView.swift */; };
		521A75402953644900F3C4D8 /* Assets.xcassets in Resources */ = {isa = PBXBuildFile; fileRef = 521A753F2953644900F3C4D8 /* Assets.xcassets */; };
		521A75432953644900F3C4D8 /* Preview Assets.xcassets in Resources */ = {isa = PBXBuildFile; fileRef = 521A75422953644900F3C4D8 /* Preview Assets.xcassets */; };
		521A754D29546CBB00F3C4D8 /* ProximityView.swift in Sources */ = {isa = PBXBuildFile; fileRef = 521A754C29546CBB00F3C4D8 /* ProximityView.swift */; };
		521A754F29546DA400F3C4D8 /* ProximityService.swift in Sources */ = {isa = PBXBuildFile; fileRef = 521A754E29546DA400F3C4D8 /* ProximityService.swift */; };
		521A755229549A0E00F3C4D8 /* VibrationView.swift in Sources */ = {isa = PBXBuildFile; fileRef = 521A755129549A0E00F3C4D8 /* VibrationView.swift */; };
		521A75542954A6EE00F3C4D8 /* BarometerView.swift in Sources */ = {isa = PBXBuildFile; fileRef = 521A75532954A6EE00F3C4D8 /* BarometerView.swift */; };
		521A75562954A70100F3C4D8 /* BarometerService.swift in Sources */ = {isa = PBXBuildFile; fileRef = 521A75552954A70100F3C4D8 /* BarometerService.swift */; };
		521A755A2954BD4C00F3C4D8 /* AcceleratorView.swift in Sources */ = {isa = PBXBuildFile; fileRef = 521A75592954BD4C00F3C4D8 /* AcceleratorView.swift */; };
		521A755C2954BDF600F3C4D8 /* GyroscopeView.swift in Sources */ = {isa = PBXBuildFile; fileRef = 521A755B2954BD5200F3C4D8 /* GyroscopeView.swift */; };
		521A755E2954C48900F3C4D8 /* MotionService.swift in Sources */ = {isa = PBXBuildFile; fileRef = 521A755D2954C48900F3C4D8 /* MotionService.swift */; };
/* End PBXBuildFile section */

/* Begin PBXFileReference section */
		521A75382953644800F3C4D8 /* omd-ios-devel-chapter-10-Sensors.app */ = {isa = PBXFileReference; explicitFileType = wrapper.application; includeInIndex = 0; path = "omd-ios-devel-chapter-10-Sensors.app"; sourceTree = BUILT_PRODUCTS_DIR; };
		521A753B2953644800F3C4D8 /* SensorApp.swift */ = {isa = PBXFileReference; lastKnownFileType = sourcecode.swift; path = SensorApp.swift; sourceTree = "<group>"; };
		521A753D2953644800F3C4D8 /* ContentView.swift */ = {isa = PBXFileReference; lastKnownFileType = sourcecode.swift; path = ContentView.swift; sourceTree = "<group>"; };
		521A753F2953644900F3C4D8 /* Assets.xcassets */ = {isa = PBXFileReference; lastKnownFileType = folder.assetcatalog; path = Assets.xcassets; sourceTree = "<group>"; };
		521A75422953644900F3C4D8 /* Preview Assets.xcassets */ = {isa = PBXFileReference; lastKnownFileType = folder.assetcatalog; path = "Preview Assets.xcassets"; sourceTree = "<group>"; };
		521A754C29546CBB00F3C4D8 /* ProximityView.swift */ = {isa = PBXFileReference; lastKnownFileType = sourcecode.swift; path = ProximityView.swift; sourceTree = "<group>"; };
		521A754E29546DA400F3C4D8 /* ProximityService.swift */ = {isa = PBXFileReference; lastKnownFileType = sourcecode.swift; path = ProximityService.swift; sourceTree = "<group>"; };
		521A755129549A0E00F3C4D8 /* VibrationView.swift */ = {isa = PBXFileReference; lastKnownFileType = sourcecode.swift; path = VibrationView.swift; sourceTree = "<group>"; };
		521A75532954A6EE00F3C4D8 /* BarometerView.swift */ = {isa = PBXFileReference; lastKnownFileType = sourcecode.swift; path = BarometerView.swift; sourceTree = "<group>"; };
		521A75552954A70100F3C4D8 /* BarometerService.swift */ = {isa = PBXFileReference; lastKnownFileType = sourcecode.swift; path = BarometerService.swift; sourceTree = "<group>"; };
		521A75592954BD4C00F3C4D8 /* AcceleratorView.swift */ = {isa = PBXFileReference; lastKnownFileType = sourcecode.swift; path = AcceleratorView.swift; sourceTree = "<group>"; };
		521A755B2954BD5200F3C4D8 /* GyroscopeView.swift */ = {isa = PBXFileReference; lastKnownFileType = sourcecode.swift; path = GyroscopeView.swift; sourceTree = "<group>"; };
		521A755D2954C48900F3C4D8 /* MotionService.swift */ = {isa = PBXFileReference; lastKnownFileType = sourcecode.swift; path = MotionService.swift; sourceTree = "<group>"; };
/* End PBXFileReference section */

/* Begin PBXFrameworksBuildPhase section */
		521A75352953644800F3C4D8 /* Frameworks */ = {
			isa = PBXFrameworksBuildPhase;
			buildActionMask = 2147483647;
			files = (
			);
			runOnlyForDeploymentPostprocessing = 0;
		};
/* End PBXFrameworksBuildPhase section */

/* Begin PBXGroup section */
		521A752F2953644800F3C4D8 = {
			isa = PBXGroup;
			children = (
				521A753A2953644800F3C4D8 /* Sensors */,
				521A75392953644800F3C4D8 /* Products */,
			);
			sourceTree = "<group>";
		};
		521A75392953644800F3C4D8 /* Products */ = {
			isa = PBXGroup;
			children = (
				521A75382953644800F3C4D8 /* omd-ios-devel-chapter-10-Sensors.app */,
			);
			name = Products;
			sourceTree = "<group>";
		};
		521A753A2953644800F3C4D8 /* Sensors */ = {
			isa = PBXGroup;
			children = (
				521A75582954BD3100F3C4D8 /* CoreMotion */,
				521A7550295499AD00F3C4D8 /* ProximitySensor */,
				521A754A29546C7600F3C4D8 /* VibrationActuator */,
				521A754929546C6600F3C4D8 /* BarometerSensor */,
				521A753B2953644800F3C4D8 /* SensorApp.swift */,
				521A753D2953644800F3C4D8 /* ContentView.swift */,
				521A753F2953644900F3C4D8 /* Assets.xcassets */,
				521A75412953644900F3C4D8 /* Preview Content */,
			);
			path = Sensors;
			sourceTree = "<group>";
		};
		521A75412953644900F3C4D8 /* Preview Content */ = {
			isa = PBXGroup;
			children = (
				521A75422953644900F3C4D8 /* Preview Assets.xcassets */,
			);
			path = "Preview Content";
			sourceTree = "<group>";
		};
		521A754929546C6600F3C4D8 /* BarometerSensor */ = {
			isa = PBXGroup;
			children = (
				521A75532954A6EE00F3C4D8 /* BarometerView.swift */,
				521A75552954A70100F3C4D8 /* BarometerService.swift */,
			);
			path = BarometerSensor;
			sourceTree = "<group>";
		};
		521A754A29546C7600F3C4D8 /* VibrationActuator */ = {
			isa = PBXGroup;
			children = (
				521A755129549A0E00F3C4D8 /* VibrationView.swift */,
			);
			path = VibrationActuator;
			sourceTree = "<group>";
		};
		521A7550295499AD00F3C4D8 /* ProximitySensor */ = {
			isa = PBXGroup;
			children = (
				521A754E29546DA400F3C4D8 /* ProximityService.swift */,
				521A754C29546CBB00F3C4D8 /* ProximityView.swift */,
			);
			path = ProximitySensor;
			sourceTree = "<group>";
		};
		521A75582954BD3100F3C4D8 /* CoreMotion */ = {
			isa = PBXGroup;
			children = (
				521A755B2954BD5200F3C4D8 /* GyroscopeView.swift */,
				521A75592954BD4C00F3C4D8 /* AcceleratorView.swift */,
				521A755D2954C48900F3C4D8 /* MotionService.swift */,
			);
			path = CoreMotion;
			sourceTree = "<group>";
		};
/* End PBXGroup section */

/* Begin PBXNativeTarget section */
		521A75372953644800F3C4D8 /* omd-ios-devel-chapter-10-Sensors */ = {
			isa = PBXNativeTarget;
			buildConfigurationList = 521A75462953644900F3C4D8 /* Build configuration list for PBXNativeTarget "omd-ios-devel-chapter-10-Sensors" */;
			buildPhases = (
				521A75342953644800F3C4D8 /* Sources */,
				521A75352953644800F3C4D8 /* Frameworks */,
				521A75362953644800F3C4D8 /* Resources */,
			);
			buildRules = (
			);
			dependencies = (
			);
			name = "omd-ios-devel-chapter-10-Sensors";
			productName = "omd-ios-devel-chapter-10-Sensors";
			productReference = 521A75382953644800F3C4D8 /* omd-ios-devel-chapter-10-Sensors.app */;
			productType = "com.apple.product-type.application";
		};
/* End PBXNativeTarget section */

/* Begin PBXProject section */
		521A75302953644800F3C4D8 /* Project object */ = {
			isa = PBXProject;
			attributes = {
				BuildIndependentTargetsInParallel = 1;
				LastSwiftUpdateCheck = 1410;
				LastUpgradeCheck = 1500;
				TargetAttributes = {
					521A75372953644800F3C4D8 = {
						CreatedOnToolsVersion = 14.1;
					};
				};
			};
			buildConfigurationList = 521A75332953644800F3C4D8 /* Build configuration list for PBXProject "omd-ios-devel-chapter-10-Sensors" */;
			compatibilityVersion = "Xcode 14.0";
			developmentRegion = en;
			hasScannedForEncodings = 0;
			knownRegions = (
				en,
				Base,
			);
			mainGroup = 521A752F2953644800F3C4D8;
			productRefGroup = 521A75392953644800F3C4D8 /* Products */;
			projectDirPath = "";
			projectRoot = "";
			targets = (
				521A75372953644800F3C4D8 /* omd-ios-devel-chapter-10-Sensors */,
			);
		};
/* End PBXProject section */

/* Begin PBXResourcesBuildPhase section */
		521A75362953644800F3C4D8 /* Resources */ = {
			isa = PBXResourcesBuildPhase;
			buildActionMask = 2147483647;
			files = (
				521A75432953644900F3C4D8 /* Preview Assets.xcassets in Resources */,
				521A75402953644900F3C4D8 /* Assets.xcassets in Resources */,
			);
			runOnlyForDeploymentPostprocessing = 0;
		};
/* End PBXResourcesBuildPhase section */

/* Begin PBXSourcesBuildPhase section */
		521A75342953644800F3C4D8 /* Sources */ = {
			isa = PBXSourcesBuildPhase;
			buildActionMask = 2147483647;
			files = (
				521A755A2954BD4C00F3C4D8 /* AcceleratorView.swift in Sources */,
				521A75562954A70100F3C4D8 /* BarometerService.swift in Sources */,
				521A75542954A6EE00F3C4D8 /* BarometerView.swift in Sources */,
				521A755229549A0E00F3C4D8 /* VibrationView.swift in Sources */,
				521A753E2953644800F3C4D8 /* ContentView.swift in Sources */,
				521A753C2953644800F3C4D8 /* SensorApp.swift in Sources */,
				521A755C2954BDF600F3C4D8 /* GyroscopeView.swift in Sources */,
				521A755E2954C48900F3C4D8 /* MotionService.swift in Sources */,
				521A754D29546CBB00F3C4D8 /* ProximityView.swift in Sources */,
				521A754F29546DA400F3C4D8 /* ProximityService.swift in Sources */,
			);
			runOnlyForDeploymentPostprocessing = 0;
		};
/* End PBXSourcesBuildPhase section */

/* Begin XCBuildConfiguration section */
		521A75442953644900F3C4D8 /* Debug */ = {
			isa = XCBuildConfiguration;
			buildSettings = {
				ALWAYS_SEARCH_USER_PATHS = NO;
				ASSETCATALOG_COMPILER_GENERATE_SWIFT_ASSET_SYMBOL_EXTENSIONS = YES;
				CLANG_ANALYZER_NONNULL = YES;
				CLANG_ANALYZER_NUMBER_OBJECT_CONVERSION = YES_AGGRESSIVE;
				CLANG_CXX_LANGUAGE_STANDARD = "gnu++20";
				CLANG_ENABLE_MODULES = YES;
				CLANG_ENABLE_OBJC_ARC = YES;
				CLANG_ENABLE_OBJC_WEAK = YES;
				CLANG_WARN_BLOCK_CAPTURE_AUTORELEASING = YES;
				CLANG_WARN_BOOL_CONVERSION = YES;
				CLANG_WARN_COMMA = YES;
				CLANG_WARN_CONSTANT_CONVERSION = YES;
				CLANG_WARN_DEPRECATED_OBJC_IMPLEMENTATIONS = YES;
				CLANG_WARN_DIRECT_OBJC_ISA_USAGE = YES_ERROR;
				CLANG_WARN_DOCUMENTATION_COMMENTS = YES;
				CLANG_WARN_EMPTY_BODY = YES;
				CLANG_WARN_ENUM_CONVERSION = YES;
				CLANG_WARN_INFINITE_RECURSION = YES;
				CLANG_WARN_INT_CONVERSION = YES;
				CLANG_WARN_NON_LITERAL_NULL_CONVERSION = YES;
				CLANG_WARN_OBJC_IMPLICIT_RETAIN_SELF = YES;
				CLANG_WARN_OBJC_LITERAL_CONVERSION = YES;
				CLANG_WARN_OBJC_ROOT_CLASS = YES_ERROR;
				CLANG_WARN_QUOTED_INCLUDE_IN_FRAMEWORK_HEADER = YES;
				CLANG_WARN_RANGE_LOOP_ANALYSIS = YES;
				CLANG_WARN_STRICT_PROTOTYPES = YES;
				CLANG_WARN_SUSPICIOUS_MOVE = YES;
				CLANG_WARN_UNGUARDED_AVAILABILITY = YES_AGGRESSIVE;
				CLANG_WARN_UNREACHABLE_CODE = YES;
				CLANG_WARN__DUPLICATE_METHOD_MATCH = YES;
				COPY_PHASE_STRIP = NO;
				DEBUG_INFORMATION_FORMAT = dwarf;
				ENABLE_STRICT_OBJC_MSGSEND = YES;
				ENABLE_TESTABILITY = YES;
				ENABLE_USER_SCRIPT_SANDBOXING = YES;
				GCC_C_LANGUAGE_STANDARD = gnu11;
				GCC_DYNAMIC_NO_PIC = NO;
				GCC_NO_COMMON_BLOCKS = YES;
				GCC_OPTIMIZATION_LEVEL = 0;
				GCC_PREPROCESSOR_DEFINITIONS = (
					"DEBUG=1",
					"$(inherited)",
				);
				GCC_WARN_64_TO_32_BIT_CONVERSION = YES;
				GCC_WARN_ABOUT_RETURN_TYPE = YES_ERROR;
				GCC_WARN_UNDECLARED_SELECTOR = YES;
				GCC_WARN_UNINITIALIZED_AUTOS = YES_AGGRESSIVE;
				GCC_WARN_UNUSED_FUNCTION = YES;
				GCC_WARN_UNUSED_VARIABLE = YES;
				IPHONEOS_DEPLOYMENT_TARGET = 17.0;
				MTL_ENABLE_DEBUG_INFO = INCLUDE_SOURCE;
				MTL_FAST_MATH = YES;
				ONLY_ACTIVE_ARCH = YES;
				SDKROOT = iphoneos;
				SWIFT_ACTIVE_COMPILATION_CONDITIONS = DEBUG;
				SWIFT_OPTIMIZATION_LEVEL = "-Onone";
			};
			name = Debug;
		};
		521A75452953644900F3C4D8 /* Release */ = {
			isa = XCBuildConfiguration;
			buildSettings = {
				ALWAYS_SEARCH_USER_PATHS = NO;
				ASSETCATALOG_COMPILER_GENERATE_SWIFT_ASSET_SYMBOL_EXTENSIONS = YES;
				CLANG_ANALYZER_NONNULL = YES;
				CLANG_ANALYZER_NUMBER_OBJECT_CONVERSION = YES_AGGRESSIVE;
				CLANG_CXX_LANGUAGE_STANDARD = "gnu++20";
				CLANG_ENABLE_MODULES = YES;
				CLANG_ENABLE_OBJC_ARC = YES;
				CLANG_ENABLE_OBJC_WEAK = YES;
				CLANG_WARN_BLOCK_CAPTURE_AUTORELEASING = YES;
				CLANG_WARN_BOOL_CONVERSION = YES;
				CLANG_WARN_COMMA = YES;
				CLANG_WARN_CONSTANT_CONVERSION = YES;
				CLANG_WARN_DEPRECATED_OBJC_IMPLEMENTATIONS = YES;
				CLANG_WARN_DIRECT_OBJC_ISA_USAGE = YES_ERROR;
				CLANG_WARN_DOCUMENTATION_COMMENTS = YES;
				CLANG_WARN_EMPTY_BODY = YES;
				CLANG_WARN_ENUM_CONVERSION = YES;
				CLANG_WARN_INFINITE_RECURSION = YES;
				CLANG_WARN_INT_CONVERSION = YES;
				CLANG_WARN_NON_LITERAL_NULL_CONVERSION = YES;
				CLANG_WARN_OBJC_IMPLICIT_RETAIN_SELF = YES;
				CLANG_WARN_OBJC_LITERAL_CONVERSION = YES;
				CLANG_WARN_OBJC_ROOT_CLASS = YES_ERROR;
				CLANG_WARN_QUOTED_INCLUDE_IN_FRAMEWORK_HEADER = YES;
				CLANG_WARN_RANGE_LOOP_ANALYSIS = YES;
				CLANG_WARN_STRICT_PROTOTYPES = YES;
				CLANG_WARN_SUSPICIOUS_MOVE = YES;
				CLANG_WARN_UNGUARDED_AVAILABILITY = YES_AGGRESSIVE;
				CLANG_WARN_UNREACHABLE_CODE = YES;
				CLANG_WARN__DUPLICATE_METHOD_MATCH = YES;
				COPY_PHASE_STRIP = NO;
				DEBUG_INFORMATION_FORMAT = "dwarf-with-dsym";
				ENABLE_NS_ASSERTIONS = NO;
				ENABLE_STRICT_OBJC_MSGSEND = YES;
				ENABLE_USER_SCRIPT_SANDBOXING = YES;
				GCC_C_LANGUAGE_STANDARD = gnu11;
				GCC_NO_COMMON_BLOCKS = YES;
				GCC_WARN_64_TO_32_BIT_CONVERSION = YES;
				GCC_WARN_ABOUT_RETURN_TYPE = YES_ERROR;
				GCC_WARN_UNDECLARED_SELECTOR = YES;
				GCC_WARN_UNINITIALIZED_AUTOS = YES_AGGRESSIVE;
				GCC_WARN_UNUSED_FUNCTION = YES;
				GCC_WARN_UNUSED_VARIABLE = YES;
				IPHONEOS_DEPLOYMENT_TARGET = 17.0;
				MTL_ENABLE_DEBUG_INFO = NO;
				MTL_FAST_MATH = YES;
				SDKROOT = iphoneos;
				SWIFT_COMPILATION_MODE = wholemodule;
				SWIFT_OPTIMIZATION_LEVEL = "-O";
				VALIDATE_PRODUCT = YES;
			};
			name = Release;
		};
		521A75472953644900F3C4D8 /* Debug */ = {
			isa = XCBuildConfiguration;
			buildSettings = {
				ASSETCATALOG_COMPILER_APPICON_NAME = AppIcon;
				ASSETCATALOG_COMPILER_GLOBAL_ACCENT_COLOR_NAME = AccentColor;
				CODE_SIGN_STYLE = Automatic;
				CURRENT_PROJECT_VERSION = 1;
				DEVELOPMENT_ASSET_PATHS = "\"Sensors/Preview Content\"";
				DEVELOPMENT_TEAM = N4U7DRKE88;
				ENABLE_PREVIEWS = YES;
				GENERATE_INFOPLIST_FILE = YES;
				INFOPLIST_KEY_CFBundleDisplayName = "10 Sensors";
				INFOPLIST_KEY_UIApplicationSceneManifest_Generation = YES;
				INFOPLIST_KEY_UIApplicationSupportsIndirectInputEvents = YES;
				INFOPLIST_KEY_UILaunchScreen_Generation = YES;
				INFOPLIST_KEY_UISupportedInterfaceOrientations_iPad = "UIInterfaceOrientationPortrait UIInterfaceOrientationPortraitUpsideDown UIInterfaceOrientationLandscapeLeft UIInterfaceOrientationLandscapeRight";
				INFOPLIST_KEY_UISupportedInterfaceOrientations_iPhone = "UIInterfaceOrientationPortrait UIInterfaceOrientationLandscapeLeft UIInterfaceOrientationLandscapeRight";
				IPHONEOS_DEPLOYMENT_TARGET = 17.0;
				LD_RUNPATH_SEARCH_PATHS = (
					"$(inherited)",
					"@executable_path/Frameworks",
				);
				MARKETING_VERSION = 1.0;
				PRODUCT_BUNDLE_IDENTIFIER = "at.fhj.omd-ios-devel-chapter-10-Sensors";
				PRODUCT_NAME = "$(TARGET_NAME)";
				SUPPORTED_PLATFORMS = "iphoneos iphonesimulator";
				SUPPORTS_MACCATALYST = NO;
				SUPPORTS_MAC_DESIGNED_FOR_IPHONE_IPAD = NO;
				SWIFT_EMIT_LOC_STRINGS = YES;
				SWIFT_VERSION = 5.0;
				TARGETED_DEVICE_FAMILY = 1;
			};
			name = Debug;
		};
		521A75482953644900F3C4D8 /* Release */ = {
			isa = XCBuildConfiguration;
			buildSettings = {
				ASSETCATALOG_COMPILER_APPICON_NAME = AppIcon;
				ASSETCATALOG_COMPILER_GLOBAL_ACCENT_COLOR_NAME = AccentColor;
				CODE_SIGN_STYLE = Automatic;
				CURRENT_PROJECT_VERSION = 1;
				DEVELOPMENT_ASSET_PATHS = "\"Sensors/Preview Content\"";
				ENABLE_PREVIEWS = YES;
				GENERATE_INFOPLIST_FILE = YES;
				INFOPLIST_KEY_CFBundleDisplayName = "10 Sensors";
				INFOPLIST_KEY_UIApplicationSceneManifest_Generation = YES;
				INFOPLIST_KEY_UIApplicationSupportsIndirectInputEvents = YES;
				INFOPLIST_KEY_UILaunchScreen_Generation = YES;
				INFOPLIST_KEY_UISupportedInterfaceOrientations_iPad = "UIInterfaceOrientationPortrait UIInterfaceOrientationPortraitUpsideDown UIInterfaceOrientationLandscapeLeft UIInterfaceOrientationLandscapeRight";
				INFOPLIST_KEY_UISupportedInterfaceOrientations_iPhone = "UIInterfaceOrientationPortrait UIInterfaceOrientationLandscapeLeft UIInterfaceOrientationLandscapeRight";
				IPHONEOS_DEPLOYMENT_TARGET = 17.0;
				LD_RUNPATH_SEARCH_PATHS = (
					"$(inherited)",
					"@executable_path/Frameworks",
				);
				MARKETING_VERSION = 1.0;
				PRODUCT_BUNDLE_IDENTIFIER = "at.fhj.omd-ios-devel-chapter-10-Sensors";
				PRODUCT_NAME = "$(TARGET_NAME)";
				SUPPORTED_PLATFORMS = "iphoneos iphonesimulator";
				SUPPORTS_MACCATALYST = NO;
				SUPPORTS_MAC_DESIGNED_FOR_IPHONE_IPAD = NO;
				SWIFT_EMIT_LOC_STRINGS = YES;
				SWIFT_VERSION = 5.0;
				TARGETED_DEVICE_FAMILY = 1;
			};
			name = Release;
		};
/* End XCBuildConfiguration section */

/* Begin XCConfigurationList section */
		521A75332953644800F3C4D8 /* Build configuration list for PBXProject "omd-ios-devel-chapter-10-Sensors" */ = {
			isa = XCConfigurationList;
			buildConfigurations = (
				521A75442953644900F3C4D8 /* Debug */,
				521A75452953644900F3C4D8 /* Release */,
			);
			defaultConfigurationIsVisible = 0;
			defaultConfigurationName = Release;
		};
		521A75462953644900F3C4D8 /* Build configuration list for PBXNativeTarget "omd-ios-devel-chapter-10-Sensors" */ = {
			isa = XCConfigurationList;
			buildConfigurations = (
				521A75472953644900F3C4D8 /* Debug */,
				521A75482953644900F3C4D8 /* Release */,
			);
			defaultConfigurationIsVisible = 0;
			defaultConfigurationName = Release;
		};
/* End XCConfigurationList section */
	};
	rootObject = 521A75302953644800F3C4D8 /* Project object */;
}
