// !$*UTF8*$!
{
	archiveVersion = 1;
	classes = {
	};
	objectVersion = 55;
	objects = {

/* Begin PBXBuildFile section */
		520554A22796F84B0006ABBA /* SingleSlideView.swift in Sources */ = {isa = PBXBuildFile; fileRef = 520554A12796F84B0006ABBA /* SingleSlideView.swift */; };
		52CBA3F32AA0AE2B007A734F /* ListWithFilterView.swift in Sources */ = {isa = PBXBuildFile; fileRef = 52CBA3F22AA0AE2B007A734F /* ListWithFilterView.swift */; };
		52CBA3F52AA0AE48007A734F /* ListAndEditView.swift in Sources */ = {isa = PBXBuildFile; fileRef = 52CBA3F42AA0AE48007A734F /* ListAndEditView.swift */; };
		52CBA3F72AA0AE5C007A734F /* ListInSectionsView.swift in Sources */ = {isa = PBXBuildFile; fileRef = 52CBA3F62AA0AE5C007A734F /* ListInSectionsView.swift */; };
		52E7043827333B7000815AD7 /* ListsApp.swift in Sources */ = {isa = PBXBuildFile; fileRef = 52E7043727333B7000815AD7 /* ListsApp.swift */; };
		52E7043A27333B7000815AD7 /* ContentView.swift in Sources */ = {isa = PBXBuildFile; fileRef = 52E7043927333B7000815AD7 /* ContentView.swift */; };
		52E7043C27333B7100815AD7 /* Assets.xcassets in Resources */ = {isa = PBXBuildFile; fileRef = 52E7043B27333B7100815AD7 /* Assets.xcassets */; };
		52E7043F27333B7100815AD7 /* Preview Assets.xcassets in Resources */ = {isa = PBXBuildFile; fileRef = 52E7043E27333B7100815AD7 /* Preview Assets.xcassets */; };
		52E7044727333BAB00815AD7 /* Slide.swift in Sources */ = {isa = PBXBuildFile; fileRef = 52E7044627333BAB00815AD7 /* Slide.swift */; };
		52E7044A27333BE200815AD7 /* Service.swift in Sources */ = {isa = PBXBuildFile; fileRef = 52E7044927333BE200815AD7 /* Service.swift */; };
/* End PBXBuildFile section */

/* Begin PBXFileReference section */
		520554A12796F84B0006ABBA /* SingleSlideView.swift */ = {isa = PBXFileReference; lastKnownFileType = sourcecode.swift; path = SingleSlideView.swift; sourceTree = "<group>"; };
		52CBA3F22AA0AE2B007A734F /* ListWithFilterView.swift */ = {isa = PBXFileReference; lastKnownFileType = sourcecode.swift; name = ListWithFilterView.swift; path = "omd-ios-devel-chapter-05-SwiftUI-Lists/ListWithFilterView.swift"; sourceTree = SOURCE_ROOT; };
		52CBA3F42AA0AE48007A734F /* ListAndEditView.swift */ = {isa = PBXFileReference; lastKnownFileType = sourcecode.swift; path = ListAndEditView.swift; sourceTree = "<group>"; };
		52CBA3F62AA0AE5C007A734F /* ListInSectionsView.swift */ = {isa = PBXFileReference; lastKnownFileType = sourcecode.swift; path = ListInSectionsView.swift; sourceTree = "<group>"; };
		52E7043427333B7000815AD7 /* Lists.app */ = {isa = PBXFileReference; explicitFileType = wrapper.application; includeInIndex = 0; path = Lists.app; sourceTree = BUILT_PRODUCTS_DIR; };
		52E7043727333B7000815AD7 /* ListsApp.swift */ = {isa = PBXFileReference; lastKnownFileType = sourcecode.swift; path = ListsApp.swift; sourceTree = "<group>"; };
		52E7043927333B7000815AD7 /* ContentView.swift */ = {isa = PBXFileReference; lastKnownFileType = sourcecode.swift; path = ContentView.swift; sourceTree = "<group>"; };
		52E7043B27333B7100815AD7 /* Assets.xcassets */ = {isa = PBXFileReference; lastKnownFileType = folder.assetcatalog; path = Assets.xcassets; sourceTree = "<group>"; };
		52E7043E27333B7100815AD7 /* Preview Assets.xcassets */ = {isa = PBXFileReference; lastKnownFileType = folder.assetcatalog; path = "Preview Assets.xcassets"; sourceTree = "<group>"; };
		52E7044627333BAB00815AD7 /* Slide.swift */ = {isa = PBXFileReference; lastKnownFileType = sourcecode.swift; path = Slide.swift; sourceTree = "<group>"; };
		52E7044927333BE200815AD7 /* Service.swift */ = {isa = PBXFileReference; lastKnownFileType = sourcecode.swift; path = Service.swift; sourceTree = "<group>"; };
/* End PBXFileReference section */

/* Begin PBXFrameworksBuildPhase section */
		52E7043127333B7000815AD7 /* Frameworks */ = {
			isa = PBXFrameworksBuildPhase;
			buildActionMask = 2147483647;
			files = (
			);
			runOnlyForDeploymentPostprocessing = 0;
		};
/* End PBXFrameworksBuildPhase section */

/* Begin PBXGroup section */
		520554A02796F8320006ABBA /* ui */ = {
			isa = PBXGroup;
			children = (
				52CBA3F82AA0AFF9007A734F /* Details */,
				52CBA3F22AA0AE2B007A734F /* ListWithFilterView.swift */,
				52CBA3F42AA0AE48007A734F /* ListAndEditView.swift */,
				52CBA3F62AA0AE5C007A734F /* ListInSectionsView.swift */,
			);
			path = ui;
			sourceTree = "<group>";
		};
		52CBA3F82AA0AFF9007A734F /* Details */ = {
			isa = PBXGroup;
			children = (
				520554A12796F84B0006ABBA /* SingleSlideView.swift */,
			);
			path = Details;
			sourceTree = "<group>";
		};
		52E7042B27333B7000815AD7 = {
			isa = PBXGroup;
			children = (
				52E7043627333B7000815AD7 /* omd-ios-devel-chapter-05-SwiftUI-Lists */,
				52E7043527333B7000815AD7 /* Products */,
			);
			sourceTree = "<group>";
		};
		52E7043527333B7000815AD7 /* Products */ = {
			isa = PBXGroup;
			children = (
				52E7043427333B7000815AD7 /* Lists.app */,
			);
			name = Products;
			sourceTree = "<group>";
		};
		52E7043627333B7000815AD7 /* omd-ios-devel-chapter-05-SwiftUI-Lists */ = {
			isa = PBXGroup;
			children = (
				52E7043727333B7000815AD7 /* ListsApp.swift */,
				52E7043927333B7000815AD7 /* ContentView.swift */,
				520554A02796F8320006ABBA /* ui */,
				52E7044827333BCD00815AD7 /* controller */,
				52E7044527333B7F00815AD7 /* model */,
				52E7043B27333B7100815AD7 /* Assets.xcassets */,
				52E7043D27333B7100815AD7 /* Preview Content */,
			);
			path = "omd-ios-devel-chapter-05-SwiftUI-Lists";
			sourceTree = "<group>";
		};
		52E7043D27333B7100815AD7 /* Preview Content */ = {
			isa = PBXGroup;
			children = (
				52E7043E27333B7100815AD7 /* Preview Assets.xcassets */,
			);
			path = "Preview Content";
			sourceTree = "<group>";
		};
		52E7044527333B7F00815AD7 /* model */ = {
			isa = PBXGroup;
			children = (
				52E7044627333BAB00815AD7 /* Slide.swift */,
			);
			path = model;
			sourceTree = "<group>";
		};
		52E7044827333BCD00815AD7 /* controller */ = {
			isa = PBXGroup;
			children = (
				52E7044927333BE200815AD7 /* Service.swift */,
			);
			path = controller;
			sourceTree = "<group>";
		};
/* End PBXGroup section */

/* Begin PBXNativeTarget section */
		52E7043327333B7000815AD7 /* omd-ios-devel-chapter-05-SwiftUI-Lists */ = {
			isa = PBXNativeTarget;
			buildConfigurationList = 52E7044227333B7100815AD7 /* Build configuration list for PBXNativeTarget "omd-ios-devel-chapter-05-SwiftUI-Lists" */;
			buildPhases = (
				52E7043027333B7000815AD7 /* Sources */,
				52E7043127333B7000815AD7 /* Frameworks */,
				52E7043227333B7000815AD7 /* Resources */,
			);
			buildRules = (
			);
			dependencies = (
			);
			name = "omd-ios-devel-chapter-05-SwiftUI-Lists";
			productName = "omd-ios-devel-chapter-05-SwiftUI-Lists";
			productReference = 52E7043427333B7000815AD7 /* Lists.app */;
			productType = "com.apple.product-type.application";
		};
/* End PBXNativeTarget section */

/* Begin PBXProject section */
		52E7042C27333B7000815AD7 /* Project object */ = {
			isa = PBXProject;
			attributes = {
				BuildIndependentTargetsInParallel = 1;
				LastSwiftUpdateCheck = 1310;
				LastUpgradeCheck = 1500;
				TargetAttributes = {
					52E7043327333B7000815AD7 = {
						CreatedOnToolsVersion = 13.1;
					};
				};
			};
			buildConfigurationList = 52E7042F27333B7000815AD7 /* Build configuration list for PBXProject "omd-ios-devel-chapter-05-SwiftUI-Lists" */;
			compatibilityVersion = "Xcode 13.0";
			developmentRegion = en;
			hasScannedForEncodings = 0;
			knownRegions = (
				en,
				Base,
			);
			mainGroup = 52E7042B27333B7000815AD7;
			productRefGroup = 52E7043527333B7000815AD7 /* Products */;
			projectDirPath = "";
			projectRoot = "";
			targets = (
				52E7043327333B7000815AD7 /* omd-ios-devel-chapter-05-SwiftUI-Lists */,
			);
		};
/* End PBXProject section */

/* Begin PBXResourcesBuildPhase section */
		52E7043227333B7000815AD7 /* Resources */ = {
			isa = PBXResourcesBuildPhase;
			buildActionMask = 2147483647;
			files = (
				52E7043F27333B7100815AD7 /* Preview Assets.xcassets in Resources */,
				52E7043C27333B7100815AD7 /* Assets.xcassets in Resources */,
			);
			runOnlyForDeploymentPostprocessing = 0;
		};
/* End PBXResourcesBuildPhase section */

/* Begin PBXSourcesBuildPhase section */
		52E7043027333B7000815AD7 /* Sources */ = {
			isa = PBXSourcesBuildPhase;
			buildActionMask = 2147483647;
			files = (
				52E7044727333BAB00815AD7 /* Slide.swift in Sources */,
				52CBA3F72AA0AE5C007A734F /* ListInSectionsView.swift in Sources */,
				52E7044A27333BE200815AD7 /* Service.swift in Sources */,
				52CBA3F32AA0AE2B007A734F /* ListWithFilterView.swift in Sources */,
				52E7043A27333B7000815AD7 /* ContentView.swift in Sources */,
				520554A22796F84B0006ABBA /* SingleSlideView.swift in Sources */,
				52E7043827333B7000815AD7 /* ListsApp.swift in Sources */,
				52CBA3F52AA0AE48007A734F /* ListAndEditView.swift in Sources */,
			);
			runOnlyForDeploymentPostprocessing = 0;
		};
/* End PBXSourcesBuildPhase section */

/* Begin XCBuildConfiguration section */
		52E7044027333B7100815AD7 /* Debug */ = {
			isa = XCBuildConfiguration;
			buildSettings = {
				ALWAYS_SEARCH_USER_PATHS = NO;
				ASSETCATALOG_COMPILER_GENERATE_SWIFT_ASSET_SYMBOL_EXTENSIONS = YES;
				CLANG_ANALYZER_NONNULL = YES;
				CLANG_ANALYZER_NUMBER_OBJECT_CONVERSION = YES_AGGRESSIVE;
				CLANG_CXX_LANGUAGE_STANDARD = "gnu++17";
				CLANG_CXX_LIBRARY = "libc++";
				CLANG_ENABLE_MODULES = YES;
				CLANG_ENABLE_OBJC_ARC = YES;
				CLANG_ENABLE_OBJC_WEAK = YES;
				CLANG_WARN_BLOCK_CAPTURE_AUTORELEASING = YES;
				CLANG_WARN_BOOL_CONVERSION = YES;
				CLANG_WARN_COMMA = YES;
				CLANG_WARN_CONSTANT_CONVERSION = YES;
				CLANG_WARN_DEPRECATED_OBJC_IMPLEMENTATIONS = YES;
				CLANG_WARN_DIRECT_OBJC_ISA_USAGE = YES_ERROR;
				CLANG_WARN_DOCUMENTATION_COMMENTS = YES;
				CLANG_WARN_EMPTY_BODY = YES;
				CLANG_WARN_ENUM_CONVERSION = YES;
				CLANG_WARN_INFINITE_RECURSION = YES;
				CLANG_WARN_INT_CONVERSION = YES;
				CLANG_WARN_NON_LITERAL_NULL_CONVERSION = YES;
				CLANG_WARN_OBJC_IMPLICIT_RETAIN_SELF = YES;
				CLANG_WARN_OBJC_LITERAL_CONVERSION = YES;
				CLANG_WARN_OBJC_ROOT_CLASS = YES_ERROR;
				CLANG_WARN_QUOTED_INCLUDE_IN_FRAMEWORK_HEADER = YES;
				CLANG_WARN_RANGE_LOOP_ANALYSIS = YES;
				CLANG_WARN_STRICT_PROTOTYPES = YES;
				CLANG_WARN_SUSPICIOUS_MOVE = YES;
				CLANG_WARN_UNGUARDED_AVAILABILITY = YES_AGGRESSIVE;
				CLANG_WARN_UNREACHABLE_CODE = YES;
				CLANG_WARN__DUPLICATE_METHOD_MATCH = YES;
				COPY_PHASE_STRIP = NO;
				DEBUG_INFORMATION_FORMAT = dwarf;
				ENABLE_STRICT_OBJC_MSGSEND = YES;
				ENABLE_TESTABILITY = YES;
				ENABLE_USER_SCRIPT_SANDBOXING = YES;
				GCC_C_LANGUAGE_STANDARD = gnu11;
				GCC_DYNAMIC_NO_PIC = NO;
				GCC_NO_COMMON_BLOCKS = YES;
				GCC_OPTIMIZATION_LEVEL = 0;
				GCC_PREPROCESSOR_DEFINITIONS = (
					"DEBUG=1",
					"$(inherited)",
				);
				GCC_WARN_64_TO_32_BIT_CONVERSION = YES;
				GCC_WARN_ABOUT_RETURN_TYPE = YES_ERROR;
				GCC_WARN_UNDECLARED_SELECTOR = YES;
				GCC_WARN_UNINITIALIZED_AUTOS = YES_AGGRESSIVE;
				GCC_WARN_UNUSED_FUNCTION = YES;
				GCC_WARN_UNUSED_VARIABLE = YES;
				IPHONEOS_DEPLOYMENT_TARGET = 17.0;
				MTL_ENABLE_DEBUG_INFO = INCLUDE_SOURCE;
				MTL_FAST_MATH = YES;
				ONLY_ACTIVE_ARCH = YES;
				SDKROOT = iphoneos;
				SWIFT_ACTIVE_COMPILATION_CONDITIONS = DEBUG;
				SWIFT_OPTIMIZATION_LEVEL = "-Onone";
			};
			name = Debug;
		};
		52E7044127333B7100815AD7 /* Release */ = {
			isa = XCBuildConfiguration;
			buildSettings = {
				ALWAYS_SEARCH_USER_PATHS = NO;
				ASSETCATALOG_COMPILER_GENERATE_SWIFT_ASSET_SYMBOL_EXTENSIONS = YES;
				CLANG_ANALYZER_NONNULL = YES;
				CLANG_ANALYZER_NUMBER_OBJECT_CONVERSION = YES_AGGRESSIVE;
				CLANG_CXX_LANGUAGE_STANDARD = "gnu++17";
				CLANG_CXX_LIBRARY = "libc++";
				CLANG_ENABLE_MODULES = YES;
				CLANG_ENABLE_OBJC_ARC = YES;
				CLANG_ENABLE_OBJC_WEAK = YES;
				CLANG_WARN_BLOCK_CAPTURE_AUTORELEASING = YES;
				CLANG_WARN_BOOL_CONVERSION = YES;
				CLANG_WARN_COMMA = YES;
				CLANG_WARN_CONSTANT_CONVERSION = YES;
				CLANG_WARN_DEPRECATED_OBJC_IMPLEMENTATIONS = YES;
				CLANG_WARN_DIRECT_OBJC_ISA_USAGE = YES_ERROR;
				CLANG_WARN_DOCUMENTATION_COMMENTS = YES;
				CLANG_WARN_EMPTY_BODY = YES;
				CLANG_WARN_ENUM_CONVERSION = YES;
				CLANG_WARN_INFINITE_RECURSION = YES;
				CLANG_WARN_INT_CONVERSION = YES;
				CLANG_WARN_NON_LITERAL_NULL_CONVERSION = YES;
				CLANG_WARN_OBJC_IMPLICIT_RETAIN_SELF = YES;
				CLANG_WARN_OBJC_LITERAL_CONVERSION = YES;
				CLANG_WARN_OBJC_ROOT_CLASS = YES_ERROR;
				CLANG_WARN_QUOTED_INCLUDE_IN_FRAMEWORK_HEADER = YES;
				CLANG_WARN_RANGE_LOOP_ANALYSIS = YES;
				CLANG_WARN_STRICT_PROTOTYPES = YES;
				CLANG_WARN_SUSPICIOUS_MOVE = YES;
				CLANG_WARN_UNGUARDED_AVAILABILITY = YES_AGGRESSIVE;
				CLANG_WARN_UNREACHABLE_CODE = YES;
				CLANG_WARN__DUPLICATE_METHOD_MATCH = YES;
				COPY_PHASE_STRIP = NO;
				DEBUG_INFORMATION_FORMAT = "dwarf-with-dsym";
				ENABLE_NS_ASSERTIONS = NO;
				ENABLE_STRICT_OBJC_MSGSEND = YES;
				ENABLE_USER_SCRIPT_SANDBOXING = YES;
				GCC_C_LANGUAGE_STANDARD = gnu11;
				GCC_NO_COMMON_BLOCKS = YES;
				GCC_WARN_64_TO_32_BIT_CONVERSION = YES;
				GCC_WARN_ABOUT_RETURN_TYPE = YES_ERROR;
				GCC_WARN_UNDECLARED_SELECTOR = YES;
				GCC_WARN_UNINITIALIZED_AUTOS = YES_AGGRESSIVE;
				GCC_WARN_UNUSED_FUNCTION = YES;
				GCC_WARN_UNUSED_VARIABLE = YES;
				IPHONEOS_DEPLOYMENT_TARGET = 17.0;
				MTL_ENABLE_DEBUG_INFO = NO;
				MTL_FAST_MATH = YES;
				SDKROOT = iphoneos;
				SWIFT_COMPILATION_MODE = wholemodule;
				SWIFT_OPTIMIZATION_LEVEL = "-O";
				VALIDATE_PRODUCT = YES;
			};
			name = Release;
		};
		52E7044327333B7100815AD7 /* Debug */ = {
			isa = XCBuildConfiguration;
			buildSettings = {
				ASSETCATALOG_COMPILER_APPICON_NAME = AppIcon;
				ASSETCATALOG_COMPILER_GLOBAL_ACCENT_COLOR_NAME = AccentColor;
				CODE_SIGN_STYLE = Automatic;
				CURRENT_PROJECT_VERSION = B1;
				DEVELOPMENT_ASSET_PATHS = "\"omd-ios-devel-chapter-05-SwiftUI-Lists/Preview Content\"";
				DEVELOPMENT_TEAM = "";
				ENABLE_PREVIEWS = YES;
				GENERATE_INFOPLIST_FILE = YES;
				INFOPLIST_KEY_CFBundleDisplayName = "SwiftUI Lists";
				INFOPLIST_KEY_LSApplicationCategoryType = "public.app-category.education";
				INFOPLIST_KEY_UIApplicationSceneManifest_Generation = YES;
				INFOPLIST_KEY_UIApplicationSupportsIndirectInputEvents = YES;
				INFOPLIST_KEY_UILaunchScreen_Generation = YES;
				INFOPLIST_KEY_UISupportedInterfaceOrientations_iPad = "UIInterfaceOrientationPortrait UIInterfaceOrientationPortraitUpsideDown UIInterfaceOrientationLandscapeLeft UIInterfaceOrientationLandscapeRight";
				INFOPLIST_KEY_UISupportedInterfaceOrientations_iPhone = "UIInterfaceOrientationPortrait UIInterfaceOrientationLandscapeLeft UIInterfaceOrientationLandscapeRight";
				IPHONEOS_DEPLOYMENT_TARGET = 17.0;
				LD_RUNPATH_SEARCH_PATHS = (
					"$(inherited)",
					"@executable_path/Frameworks",
				);
				MARKETING_VERSION = 1.0;
				PRODUCT_BUNDLE_IDENTIFIER = "at.fhj.ims.omd-ios-devel-chapter-05-SwiftUI-Lists";
				PRODUCT_NAME = Lists;
				SUPPORTED_PLATFORMS = "iphoneos iphonesimulator";
				SUPPORTS_MACCATALYST = NO;
				SUPPORTS_MAC_DESIGNED_FOR_IPHONE_IPAD = NO;
				SWIFT_EMIT_LOC_STRINGS = YES;
				SWIFT_VERSION = 5.0;
				TARGETED_DEVICE_FAMILY = 1;
			};
			name = Debug;
		};
		52E7044427333B7100815AD7 /* Release */ = {
			isa = XCBuildConfiguration;
			buildSettings = {
				ASSETCATALOG_COMPILER_APPICON_NAME = AppIcon;
				ASSETCATALOG_COMPILER_GLOBAL_ACCENT_COLOR_NAME = AccentColor;
				CODE_SIGN_STYLE = Automatic;
				CURRENT_PROJECT_VERSION = B1;
				DEVELOPMENT_ASSET_PATHS = "\"omd-ios-devel-chapter-05-SwiftUI-Lists/Preview Content\"";
				DEVELOPMENT_TEAM = 7PV3X48GM2;
				ENABLE_PREVIEWS = YES;
				GENERATE_INFOPLIST_FILE = YES;
				INFOPLIST_KEY_CFBundleDisplayName = "SwiftUI Lists";
				INFOPLIST_KEY_LSApplicationCategoryType = "public.app-category.education";
				INFOPLIST_KEY_UIApplicationSceneManifest_Generation = YES;
				INFOPLIST_KEY_UIApplicationSupportsIndirectInputEvents = YES;
				INFOPLIST_KEY_UILaunchScreen_Generation = YES;
				INFOPLIST_KEY_UISupportedInterfaceOrientations_iPad = "UIInterfaceOrientationPortrait UIInterfaceOrientationPortraitUpsideDown UIInterfaceOrientationLandscapeLeft UIInterfaceOrientationLandscapeRight";
				INFOPLIST_KEY_UISupportedInterfaceOrientations_iPhone = "UIInterfaceOrientationPortrait UIInterfaceOrientationLandscapeLeft UIInterfaceOrientationLandscapeRight";
				IPHONEOS_DEPLOYMENT_TARGET = 17.0;
				LD_RUNPATH_SEARCH_PATHS = (
					"$(inherited)",
					"@executable_path/Frameworks",
				);
				MARKETING_VERSION = 1.0;
				PRODUCT_BUNDLE_IDENTIFIER = "at.fhj.ims.omd-ios-devel-chapter-05-SwiftUI-Lists";
				PRODUCT_NAME = Lists;
				SUPPORTED_PLATFORMS = "iphoneos iphonesimulator";
				SUPPORTS_MACCATALYST = NO;
				SUPPORTS_MAC_DESIGNED_FOR_IPHONE_IPAD = NO;
				SWIFT_EMIT_LOC_STRINGS = YES;
				SWIFT_VERSION = 5.0;
				TARGETED_DEVICE_FAMILY = 1;
			};
			name = Release;
		};
/* End XCBuildConfiguration section */

/* Begin XCConfigurationList section */
		52E7042F27333B7000815AD7 /* Build configuration list for PBXProject "omd-ios-devel-chapter-05-SwiftUI-Lists" */ = {
			isa = XCConfigurationList;
			buildConfigurations = (
				52E7044027333B7100815AD7 /* Debug */,
				52E7044127333B7100815AD7 /* Release */,
			);
			defaultConfigurationIsVisible = 0;
			defaultConfigurationName = Release;
		};
		52E7044227333B7100815AD7 /* Build configuration list for PBXNativeTarget "omd-ios-devel-chapter-05-SwiftUI-Lists" */ = {
			isa = XCConfigurationList;
			buildConfigurations = (
				52E7044327333B7100815AD7 /* Debug */,
				52E7044427333B7100815AD7 /* Release */,
			);
			defaultConfigurationIsVisible = 0;
			defaultConfigurationName = Release;
		};
/* End XCConfigurationList section */
	};
	rootObject = 52E7042C27333B7000815AD7 /* Project object */;
}
